
Microsoft Visual Studio Solution File, Format Version 12.00
# Visual Studio Version 17
VisualStudioVersion = 17.11.35312.102
MinimumVisualStudioVersion = 10.0.40219.1
Project("{9A19103F-16F7-4668-BE54-9A1E7A4F7556}") = "BlazorApp1", "BlazorApp1\BlazorApp1.csproj", "{3583907D-9D9E-4C49-887E-31A82A477D05}"
EndProject
Global
	GlobalSection(SolutionConfigurationPlatforms) = preSolution
		Debug|Any CPU = Debug|Any CPU
		Release|Any CPU = Release|Any CPU
	EndGlobalSection
	GlobalSection(ProjectConfigurationPlatforms) = postSolution
		{3583907D-9D9E-4C49-887E-31A82A477D05}.Debug|Any CPU.ActiveCfg = Debug|Any CPU
		{3583907D-9D9E-4C49-887E-31A82A477D05}.Debug|Any CPU.Build.0 = Debug|Any CPU
		{3583907D-9D9E-4C49-887E-31A82A477D05}.Release|Any CPU.ActiveCfg = Release|Any CPU
		{3583907D-9D9E-4C49-887E-31A82A477D05}.Release|Any CPU.Build.0 = Release|Any CPU
	EndGlobalSection
	GlobalSection(SolutionProperties) = preSolution
		HideSolutionNode = FALSE
	EndGlobalSection
	GlobalSection(ExtensibilityGlobals) = postSolution
		SolutionGuid = {64397F34-2255-4AE8-BF6B-B07498FA10C2}
	EndGlobalSection
EndGlobal
